{
  "pins" : [
    {
      "identity" : "measurement-reader",
      "kind" : "remoteSourceControl",
      "location" : "https://github.com/vinceplusplus/measurement-reader.git",
      "state" : {
        "branch" : "v2.0-alpha.1",
        "revision" : "4bab17cfdf1304d80755b9fd8b141aaee224bd88"
      }
    }
  ],
  "version" : 2
}
