{
  "pins" : [
    {
      "identity" : "measurement-reader",
      "kind" : "remoteSourceControl",
      "location" : "https://github.com/vinceplusplus/measurement-reader.git",
      "state" : {
        "branch" : "v2.1-alpha.1",
        "revision" : "7b9f0baa260124fb5857dbf49e75784f970d6c7c"
      }
    }
  ],
  "version" : 2
}
